
Microsoft Visual Studio Solution File, Format Version 12.00
# Visual Studio Version 17
VisualStudioVersion = 17.4.33205.214
MinimumVisualStudioVersion = 10.0.40219.1
Project("{FAE04EC0-301F-11D3-BF4B-00C04F79EFBC}") = "20210130_minipauta", "20210130_minipauta.csproj", "{08B75087-424E-451E-8B94-4440704DFFD3}"
EndProject
Global
	GlobalSection(SolutionConfigurationPlatforms) = preSolution
		Debug|Any CPU = Debug|Any CPU
		Release|Any CPU = Release|Any CPU
	EndGlobalSection
	GlobalSection(ProjectConfigurationPlatforms) = postSolution
		{08B75087-424E-451E-8B94-4440704DFFD3}.Debug|Any CPU.ActiveCfg = Debug|Any CPU
		{08B75087-424E-451E-8B94-4440704DFFD3}.Debug|Any CPU.Build.0 = Debug|Any CPU
		{08B75087-424E-451E-8B94-4440704DFFD3}.Release|Any CPU.ActiveCfg = Release|Any CPU
		{08B75087-424E-451E-8B94-4440704DFFD3}.Release|Any CPU.Build.0 = Release|Any CPU
	EndGlobalSection
	GlobalSection(SolutionProperties) = preSolution
		HideSolutionNode = FALSE
	EndGlobalSection
	GlobalSection(ExtensibilityGlobals) = postSolution
		SolutionGuid = {CA7CB860-6F7F-49D3-B40B-328D6A944D61}
	EndGlobalSection
EndGlobal
