
Microsoft Visual Studio Solution File, Format Version 12.00
# Visual Studio Version 17
VisualStudioVersion = 17.4.33205.214
MinimumVisualStudioVersion = 10.0.40219.1
Project("{FAE04EC0-301F-11D3-BF4B-00C04F79EFBC}") = "ProjCredDeb", "ProjCredDeb.csproj", "{BBF1758B-7AC3-431E-AE8E-DC7E33BDD015}"
EndProject
Global
	GlobalSection(SolutionConfigurationPlatforms) = preSolution
		Debug|Any CPU = Debug|Any CPU
		Release|Any CPU = Release|Any CPU
	EndGlobalSection
	GlobalSection(ProjectConfigurationPlatforms) = postSolution
		{BBF1758B-7AC3-431E-AE8E-DC7E33BDD015}.Debug|Any CPU.ActiveCfg = Debug|Any CPU
		{BBF1758B-7AC3-431E-AE8E-DC7E33BDD015}.Debug|Any CPU.Build.0 = Debug|Any CPU
		{BBF1758B-7AC3-431E-AE8E-DC7E33BDD015}.Release|Any CPU.ActiveCfg = Release|Any CPU
		{BBF1758B-7AC3-431E-AE8E-DC7E33BDD015}.Release|Any CPU.Build.0 = Release|Any CPU
	EndGlobalSection
	GlobalSection(SolutionProperties) = preSolution
		HideSolutionNode = FALSE
	EndGlobalSection
	GlobalSection(ExtensibilityGlobals) = postSolution
		SolutionGuid = {59E85E2E-9E4B-46DB-8037-FC060526C441}
	EndGlobalSection
EndGlobal
